# This file is automatically @generated by Cargo.
# It is not intended for manual editing.
version = 3

[[package]]
name = "sootmark-adapters"
version = "0.2.7"
dependencies = [
 "sootmark-audit",
 "sootmark-common",
 "sootmark-conformance",
 "sootmark-disk",
 "sootmark-evtx",
 "sootmark-history",
 "sootmark-journal",
 "sootmark-model",
 "sootmark-prefetch",
 "sootmark-registry",
 "sootmark-shell",
 "sootmark-syslog",
 "sootmark-usn",
 "sootmark-utmp",
]

[[package]]
name = "sootmark-audit"
version = "0.1.0"
source = "registry+https://github.com/rust-lang/crates.io-index"
checksum = "eee9bbfb37a81d78aafa8737faf20473e5e7404c16061ac182d72725e573a29a"
dependencies = [
 "sootmark-common",
]

[[package]]
name = "sootmark-common"
version = "0.3.6"
source = "registry+https://github.com/rust-lang/crates.io-index"
checksum = "779467ccbb98b0f2b9399b90acbbdebd028f9c8fbdf5b84d2fe81c04ed0c149e"

[[package]]
name = "sootmark-conformance"
version = "0.2.0"
source = "registry+https://github.com/rust-lang/crates.io-index"
checksum = "cc88bbc58b6cd7367e524c2aeec9fd03bfef53da6fd946c13f1e44ecea275489"
dependencies = [
 "sootmark-model",
]

[[package]]
name = "sootmark-disk"
version = "0.3.3"
source = "registry+https://github.com/rust-lang/crates.io-index"
checksum = "3470d5966562c7725d57625cf87be052dfbe1fe0c50e1304ec259227cf3099cf"
dependencies = [
 "sootmark-common",
]

[[package]]
name = "sootmark-evtx"
version = "0.2.1"
source = "registry+https://github.com/rust-lang/crates.io-index"
checksum = "6a2f25e75bdbe98bb81378b377c0cfaa61c9cd06b75af8b89ee5987fabe8a835"
dependencies = [
 "sootmark-common",
]

[[package]]
name = "sootmark-history"
version = "0.1.0"
source = "registry+https://github.com/rust-lang/crates.io-index"
checksum = "e8bf85cd07eb7b924a707e191c13f05aedeef8a1b84ec7510fa5262c55e80315"
dependencies = [
 "sootmark-common",
]

[[package]]
name = "sootmark-journal"
version = "0.1.0"
source = "registry+https://github.com/rust-lang/crates.io-index"
checksum = "63fdcc87fe543caccd99921f9ec635a6907f9d4f7d7b4f84e9c9c6493709d7ed"
dependencies = [
 "sootmark-common",
]

[[package]]
name = "sootmark-model"
version = "0.2.1"
source = "registry+https://github.com/rust-lang/crates.io-index"
checksum = "d473a3ce4d7c41abc421129400c8026f4b61d81b8a337c5a9e6c44eb54f25555"
dependencies = [
 "sootmark-common",
]

[[package]]
name = "sootmark-prefetch"
version = "0.1.0"
source = "registry+https://github.com/rust-lang/crates.io-index"
checksum = "8202c02d9b28c55c32a20924b03b394d56fa0530147b71efc3cc2f8d099777ee"

[[package]]
name = "sootmark-registry"
version = "0.6.2"
source = "registry+https://github.com/rust-lang/crates.io-index"
checksum = "11dd350219b886c6cdf0c6866c4028c1ae152fc5de116c3c332c808aca129865"
dependencies = [
 "sootmark-shell",
]

[[package]]
name = "sootmark-shell"
version = "0.2.0"
source = "registry+https://github.com/rust-lang/crates.io-index"
checksum = "efc653982a3873efbbde539a649d80b335f96520a68ab561f06b1ec17626a836"

[[package]]
name = "sootmark-syslog"
version = "0.1.1"
source = "registry+https://github.com/rust-lang/crates.io-index"
checksum = "8f9f07b055b45c67e43d7317a206a2f92ce3d127f97b0766dda42213844db0bb"
dependencies = [
 "sootmark-common",
]

[[package]]
name = "sootmark-usn"
version = "0.1.0"
source = "registry+https://github.com/rust-lang/crates.io-index"
checksum = "a7719dd8f46cccfcf13d860cc697fe80759d62b6507afb8ef1b35425bb430804"
dependencies = [
 "sootmark-common",
]

[[package]]
name = "sootmark-utmp"
version = "0.1.1"
source = "registry+https://github.com/rust-lang/crates.io-index"
checksum = "ebdab6e21a0891699511648ea665f1d361cba89280e939258195b1b3b34e5874"
dependencies = [
 "sootmark-common",
]
