# This file is automatically @generated by Cargo.
# It is not intended for manual editing.
version = 3

[[package]]
name = "aes"
version = "0.8.4"
source = "registry+https://github.com/rust-lang/crates.io-index"
checksum = "b169f7a6d4742236a0a00c541b845991d0ac43e546831af1249753ab4c3aa3a0"
dependencies = [
 "cfg-if",
 "cipher",
 "cpufeatures",
]

[[package]]
name = "block-buffer"
version = "0.10.4"
source = "registry+https://github.com/rust-lang/crates.io-index"
checksum = "3078c7629b62d3f0439517fa394996acacc5cbc91c5a20d8c658e77abd503a71"
dependencies = [
 "generic-array",
]

[[package]]
name = "cfg-if"
version = "1.0.5"
source = "registry+https://github.com/rust-lang/crates.io-index"
checksum = "4e7648175b45a9a48536d676f68d918270699102aa8dab5496df06904c914600"

[[package]]
name = "cipher"
version = "0.4.4"
source = "registry+https://github.com/rust-lang/crates.io-index"
checksum = "773f3b9af64447d2ce9850330c473515014aa235e6a783b02db81ff39e4a3dad"
dependencies = [
 "crypto-common",
 "inout",
]

[[package]]
name = "cpufeatures"
version = "0.2.17"
source = "registry+https://github.com/rust-lang/crates.io-index"
checksum = "59ed5838eebb26a2bb2e58f6d5b5316989ae9d08bab10e0e6d103e656d1b0280"
dependencies = [
 "libc",
]

[[package]]
name = "crypto-common"
version = "0.1.7"
source = "registry+https://github.com/rust-lang/crates.io-index"
checksum = "78c8292055d1c1df0cce5d180393dc8cce0abec0a7102adb6c7b1eef6016d60a"
dependencies = [
 "generic-array",
 "typenum",
]

[[package]]
name = "ctr"
version = "0.9.2"
source = "registry+https://github.com/rust-lang/crates.io-index"
checksum = "0369ee1ad671834580515889b80f2ea915f23b8be8d0daa4bbaf2ac5c7590835"
dependencies = [
 "cipher",
]

[[package]]
name = "digest"
version = "0.10.7"
source = "registry+https://github.com/rust-lang/crates.io-index"
checksum = "9ed9a281f7bc9b7576e61468ba615a66a5c8cfdff42420a70aa82701a3b1e292"
dependencies = [
 "block-buffer",
 "crypto-common",
 "subtle",
]

[[package]]
name = "generic-array"
version = "0.14.7"
source = "registry+https://github.com/rust-lang/crates.io-index"
checksum = "85649ca51fd72272d7821adaf274ad91c288277713d9c18820d8499a7ff69e9a"
dependencies = [
 "typenum",
 "version_check",
]

[[package]]
name = "hmac"
version = "0.12.1"
source = "registry+https://github.com/rust-lang/crates.io-index"
checksum = "6c49c37c09c17a53d937dfbb742eb3a961d65a994e6bcdcf37e7399d0cc8ab5e"
dependencies = [
 "digest",
]

[[package]]
name = "inout"
version = "0.1.4"
source = "registry+https://github.com/rust-lang/crates.io-index"
checksum = "879f10e63c20629ecabbb64a8010319738c66a5cd0c29b02d63d272b03751d01"
dependencies = [
 "generic-array",
]

[[package]]
name = "libc"
version = "0.2.190"
source = "registry+https://github.com/rust-lang/crates.io-index"
checksum = "ce5d3ddc6d3fa000eb1536d85e147bfe31aacaba692ed6a876f95cb7c855be78"

[[package]]
name = "pbkdf2"
version = "0.12.2"
source = "registry+https://github.com/rust-lang/crates.io-index"
checksum = "f8ed6a7761f76e3b9f92dfb0a60a6a6477c61024b775147ff0973a02653abaf2"
dependencies = [
 "digest",
 "hmac",
]

[[package]]
name = "sha1"
version = "0.10.7"
source = "registry+https://github.com/rust-lang/crates.io-index"
checksum = "a978451301f4db1d02937a4ab3ccce137717b81826e79b7d49ffe3244a13c3b8"
dependencies = [
 "cfg-if",
 "cpufeatures",
 "digest",
]

[[package]]
name = "sootmark-adapters"
version = "0.2.48"
dependencies = [
 "sootmark-applogs",
 "sootmark-audit",
 "sootmark-avlogs",
 "sootmark-browser",
 "sootmark-bsm",
 "sootmark-cloudlogs",
 "sootmark-cloudsync",
 "sootmark-common",
 "sootmark-conformance",
 "sootmark-containers",
 "sootmark-cups",
 "sootmark-defender",
 "sootmark-disk",
 "sootmark-ese",
 "sootmark-esxi",
 "sootmark-eventtranscript",
 "sootmark-evt",
 "sootmark-evtx",
 "sootmark-filehistory",
 "sootmark-fwlogs",
 "sootmark-history",
 "sootmark-indx",
 "sootmark-journal",
 "sootmark-macos",
 "sootmark-messengers",
 "sootmark-mlocate",
 "sootmark-model",
 "sootmark-msiecf",
 "sootmark-notifications",
 "sootmark-ntfslog",
 "sootmark-office",
 "sootmark-onedrive",
 "sootmark-packages",
 "sootmark-pe",
 "sootmark-persistence",
 "sootmark-prefetch",
 "sootmark-recyclebin",
 "sootmark-registry",
 "sootmark-search",
 "sootmark-shell",
 "sootmark-spotlight",
 "sootmark-srum",
 "sootmark-syslog",
 "sootmark-tasks",
 "sootmark-ual",
 "sootmark-usn",
 "sootmark-utmp",
 "sootmark-weblogs",
 "sootmark-winlogs",
 "sootmark-wintimeline",
 "sootmark-wmi",
]

[[package]]
name = "sootmark-applogs"
version = "0.1.0"
source = "registry+https://github.com/rust-lang/crates.io-index"
checksum = "68a12c9ce03bbb323e6d7eaa28a1dd33f5e9097f8f9f99c780e71eff197de56b"
dependencies = [
 "sootmark-common",
]

[[package]]
name = "sootmark-audit"
version = "0.1.0"
source = "registry+https://github.com/rust-lang/crates.io-index"
checksum = "eee9bbfb37a81d78aafa8737faf20473e5e7404c16061ac182d72725e573a29a"
dependencies = [
 "sootmark-common",
]

[[package]]
name = "sootmark-avlogs"
version = "0.1.1"
source = "registry+https://github.com/rust-lang/crates.io-index"
checksum = "29d598b1a18daad1560a81425956831fa6a232eb0a85a6364428237b2067edf8"
dependencies = [
 "sootmark-common",
]

[[package]]
name = "sootmark-browser"
version = "0.7.0"
source = "registry+https://github.com/rust-lang/crates.io-index"
checksum = "19549a88a1ce827ded8553c5d2b30328c141117bcaceab1d2997541354dd6da3"
dependencies = [
 "sootmark-common",
 "sootmark-ese",
 "sootmark-plist",
 "sootmark-sqlite",
]

[[package]]
name = "sootmark-bsm"
version = "0.1.0"
source = "registry+https://github.com/rust-lang/crates.io-index"
checksum = "ac119f667babb8648a88dd70d420fe176f5a694325aca93a5f378f515fe554a5"
dependencies = [
 "sootmark-common",
]

[[package]]
name = "sootmark-cloudlogs"
version = "0.3.0"
source = "registry+https://github.com/rust-lang/crates.io-index"
checksum = "daf32a0518fe1dcbebae9781711e05ce197f7c3c3f18c56934c2025b2c5d1ee5"
dependencies = [
 "sootmark-common",
]

[[package]]
name = "sootmark-cloudsync"
version = "0.1.0"
source = "registry+https://github.com/rust-lang/crates.io-index"
checksum = "3b3ae15b2c4b46163c1e13bd1b151421ec3243ea7cd31ff19f98132171f457d2"
dependencies = [
 "sootmark-common",
 "sootmark-sqlite",
]

[[package]]
name = "sootmark-common"
version = "0.3.7"
source = "registry+https://github.com/rust-lang/crates.io-index"
checksum = "16039a30e3d12a335537236722ba00a8da0b5dfdfcf20785b75dea78f523160e"

[[package]]
name = "sootmark-conformance"
version = "0.2.0"
source = "registry+https://github.com/rust-lang/crates.io-index"
checksum = "cc88bbc58b6cd7367e524c2aeec9fd03bfef53da6fd946c13f1e44ecea275489"
dependencies = [
 "sootmark-model",
]

[[package]]
name = "sootmark-containers"
version = "0.1.1"
source = "registry+https://github.com/rust-lang/crates.io-index"
checksum = "566d4d816c4edb0f22fb9d011cb027613ae29204f0155b41d1900287e60273cc"
dependencies = [
 "sootmark-common",
]

[[package]]
name = "sootmark-cups"
version = "0.1.0"
source = "registry+https://github.com/rust-lang/crates.io-index"
checksum = "8ee312ac25dfa3d2822ef359b81351ced1be8b33a1ef1805e9129f93d561ed92"
dependencies = [
 "sootmark-common",
]

[[package]]
name = "sootmark-defender"
version = "0.2.0"
source = "registry+https://github.com/rust-lang/crates.io-index"
checksum = "c2844cfab2ef2dcd59d814c9fa9363ff557a159eb8a8a46b26aa511b23919b97"
dependencies = [
 "sootmark-common",
]

[[package]]
name = "sootmark-disk"
version = "0.3.3"
source = "registry+https://github.com/rust-lang/crates.io-index"
checksum = "3470d5966562c7725d57625cf87be052dfbe1fe0c50e1304ec259227cf3099cf"
dependencies = [
 "sootmark-common",
]

[[package]]
name = "sootmark-ese"
version = "0.1.1"
source = "registry+https://github.com/rust-lang/crates.io-index"
checksum = "a4d9c42c816e3f6f07c5c4794cc1bd4661977e9b2443a894b3ae3adbbbe45bdf"

[[package]]
name = "sootmark-esxi"
version = "0.1.0"
source = "registry+https://github.com/rust-lang/crates.io-index"
checksum = "42d673f7fe6c86d8c9300d407b26c991437f6dda1ce767a3a5d890b3a33c6a81"
dependencies = [
 "sootmark-common",
]

[[package]]
name = "sootmark-eventtranscript"
version = "0.1.1"
source = "registry+https://github.com/rust-lang/crates.io-index"
checksum = "39b8223c670b29d40db34de56f677cd659d8ab3df8215322a1fac23ff491a70c"
dependencies = [
 "sootmark-common",
 "sootmark-sqlite",
]

[[package]]
name = "sootmark-evt"
version = "0.1.0"
source = "registry+https://github.com/rust-lang/crates.io-index"
checksum = "af893cc4b196b9f47a96d87e5528cc219abbce45f4bddbd9275ff07643a06929"
dependencies = [
 "sootmark-common",
]

[[package]]
name = "sootmark-evtx"
version = "0.2.1"
source = "registry+https://github.com/rust-lang/crates.io-index"
checksum = "6a2f25e75bdbe98bb81378b377c0cfaa61c9cd06b75af8b89ee5987fabe8a835"
dependencies = [
 "sootmark-common",
]

[[package]]
name = "sootmark-filehistory"
version = "0.1.0"
source = "registry+https://github.com/rust-lang/crates.io-index"
checksum = "066b2b81be1c63a1e9936eeecc1ef0d61f5660ac226f51e86b693c911df7a0d3"
dependencies = [
 "sootmark-common",
 "sootmark-ese",
]

[[package]]
name = "sootmark-fwlogs"
version = "0.1.0"
source = "registry+https://github.com/rust-lang/crates.io-index"
checksum = "a9554d52fc7af67797a3f9fc18c8d2c328120c6233c3b1700d96ef78cce07778"
dependencies = [
 "sootmark-common",
]

[[package]]
name = "sootmark-history"
version = "0.3.0"
source = "registry+https://github.com/rust-lang/crates.io-index"
checksum = "3f03adec44bc708ee71fccf31aeeb15caf15fa1285065dae6131b2c326338e1a"
dependencies = [
 "sootmark-common",
]

[[package]]
name = "sootmark-indx"
version = "0.1.0"
source = "registry+https://github.com/rust-lang/crates.io-index"
checksum = "4164cd1d4ab316d7fdc0f8b87819e5d67c6bece4b30f35df5cc9c3ec2689ccf0"
dependencies = [
 "sootmark-common",
]

[[package]]
name = "sootmark-journal"
version = "0.1.0"
source = "registry+https://github.com/rust-lang/crates.io-index"
checksum = "63fdcc87fe543caccd99921f9ec635a6907f9d4f7d7b4f84e9c9c6493709d7ed"
dependencies = [
 "sootmark-common",
]

[[package]]
name = "sootmark-macos"
version = "0.9.0"
source = "registry+https://github.com/rust-lang/crates.io-index"
checksum = "36b8ec038a807a7290ed325de2a99f1b9faaa481ad7ba023adc30d3869046dc2"
dependencies = [
 "sootmark-common",
 "sootmark-plist",
 "sootmark-sqlite",
]

[[package]]
name = "sootmark-messengers"
version = "0.1.0"
source = "registry+https://github.com/rust-lang/crates.io-index"
checksum = "7c49aea60d5c0a67e76b4bdf762eff6b4b466fc3f4c0d08aa78be4b7aeb5d7f5"
dependencies = [
 "sootmark-common",
 "sootmark-sqlite",
]

[[package]]
name = "sootmark-mlocate"
version = "0.1.0"
source = "registry+https://github.com/rust-lang/crates.io-index"
checksum = "61e0bcee53328acbc8af92ba91d6d87dc6efd36cb30faf06b06da45edaa8d935"
dependencies = [
 "sootmark-common",
]

[[package]]
name = "sootmark-model"
version = "0.2.3"
source = "registry+https://github.com/rust-lang/crates.io-index"
checksum = "270f905afe734e8e8ce667c4f75e57c1dea5f5344ebe8e946150501350a082d0"
dependencies = [
 "sootmark-common",
]

[[package]]
name = "sootmark-msiecf"
version = "0.1.0"
source = "registry+https://github.com/rust-lang/crates.io-index"
checksum = "37139f1889492cb6a3057274b7f61ab8a4a5a765f959e7c7ac926418c25b23d9"
dependencies = [
 "sootmark-common",
]

[[package]]
name = "sootmark-notifications"
version = "0.1.0"
source = "registry+https://github.com/rust-lang/crates.io-index"
checksum = "264b7af2a118fe35516269b3711c36c54e03403f8a68769df2d1a6bcf6ae396d"
dependencies = [
 "sootmark-common",
 "sootmark-sqlite",
]

[[package]]
name = "sootmark-ntfslog"
version = "0.1.0"
source = "registry+https://github.com/rust-lang/crates.io-index"
checksum = "a168d720c549bb67c3a4380b07731ac5aa58b8dd8a7792100e9f9a4bd8c062bb"
dependencies = [
 "sootmark-common",
]

[[package]]
name = "sootmark-office"
version = "0.2.0"
source = "registry+https://github.com/rust-lang/crates.io-index"
checksum = "754cc5a9cb7c66a6e2e08d895fc6896092f88cf56a7855f894b6afc52dc25957"
dependencies = [
 "sootmark-common",
 "sootmark-shell",
 "sootmark-zip",
]

[[package]]
name = "sootmark-onedrive"
version = "0.1.0"
source = "registry+https://github.com/rust-lang/crates.io-index"
checksum = "27619de984640f9f98785d6e5128b6870720e1ec31272be0db5da1e2c2eadceb"
dependencies = [
 "sootmark-common",
]

[[package]]
name = "sootmark-packages"
version = "0.2.0"
source = "registry+https://github.com/rust-lang/crates.io-index"
checksum = "982c9ac15b2f9bf372e04658f55cc00afaed79bbb9134ec843a067ea0263829b"
dependencies = [
 "sootmark-common",
 "sootmark-sqlite",
]

[[package]]
name = "sootmark-pe"
version = "0.1.0"
source = "registry+https://github.com/rust-lang/crates.io-index"
checksum = "2c4fea784d13c1d2a50ed19d897ce507bedd980cd755d9c69e40207f0b2bdfdc"
dependencies = [
 "sootmark-common",
]

[[package]]
name = "sootmark-persistence"
version = "0.4.1"
source = "registry+https://github.com/rust-lang/crates.io-index"
checksum = "f3ae9fe1a2c905cbcf090e48b8c4ad1ebb65e2a9cf3278339e9ec9a4f06565a0"
dependencies = [
 "sootmark-common",
]

[[package]]
name = "sootmark-plist"
version = "0.1.0"
source = "registry+https://github.com/rust-lang/crates.io-index"
checksum = "1c122cba6d58a85646b1755754fe8cce4ebfbe954f1b19b3727ef23fb6d655ea"
dependencies = [
 "sootmark-common",
]

[[package]]
name = "sootmark-prefetch"
version = "0.1.1"
source = "registry+https://github.com/rust-lang/crates.io-index"
checksum = "5133f369953b21ad61c8ae02bcd22e2590904512fc7a390abf66511f2bffb026"

[[package]]
name = "sootmark-recyclebin"
version = "0.1.0"
source = "registry+https://github.com/rust-lang/crates.io-index"
checksum = "f99a883bbf2fee1fa421ff1e3d5d9df2fcf95b7adc12cdae7cf5431d316d025b"
dependencies = [
 "sootmark-common",
]

[[package]]
name = "sootmark-registry"
version = "0.10.0"
source = "registry+https://github.com/rust-lang/crates.io-index"
checksum = "143d01256b1786d3b9ed7d0408dd72206edd3c9648319d4f1a1de3c928dfa097"
dependencies = [
 "sootmark-common",
 "sootmark-shell",
]

[[package]]
name = "sootmark-search"
version = "0.2.0"
source = "registry+https://github.com/rust-lang/crates.io-index"
checksum = "2db9814b99131bc2f7e27a86fa19eaa4166dfe5d6c761418344e5e6577ae1c97"
dependencies = [
 "sootmark-common",
 "sootmark-ese",
 "sootmark-sqlite",
]

[[package]]
name = "sootmark-shell"
version = "0.3.0"
source = "registry+https://github.com/rust-lang/crates.io-index"
checksum = "fb16770f74ba791b7f341abd8532e9d89a747997fb4f55e09ba1566e5f0f448a"
dependencies = [
 "sootmark-common",
]

[[package]]
name = "sootmark-spotlight"
version = "0.1.0"
source = "registry+https://github.com/rust-lang/crates.io-index"
checksum = "c70f7776fd3f0c8508ffbe3225657454637835f4ff9eb4e98660541ef2e42a3e"
dependencies = [
 "sootmark-common",
]

[[package]]
name = "sootmark-sqlite"
version = "0.2.0"
source = "registry+https://github.com/rust-lang/crates.io-index"
checksum = "4734c8224fde044029a00acd3c79637162e9e4d258b3b683108993713d990dcb"

[[package]]
name = "sootmark-srum"
version = "0.1.0"
source = "registry+https://github.com/rust-lang/crates.io-index"
checksum = "06131dd15a53985d7e8bb6e96d48910cf7f6414f7ca1e588c3f09909f99b423b"
dependencies = [
 "sootmark-common",
 "sootmark-ese",
]

[[package]]
name = "sootmark-syslog"
version = "0.2.0"
source = "registry+https://github.com/rust-lang/crates.io-index"
checksum = "f17b82ad023373c65fa17717c3eadfa2b07eb12047d3a37d9ba0f87921c58d2e"
dependencies = [
 "sootmark-common",
]

[[package]]
name = "sootmark-tasks"
version = "0.1.0"
source = "registry+https://github.com/rust-lang/crates.io-index"
checksum = "702eb04de91a38c5c194ea206014474ec20ec8c46cb94adfe1c0a052178bf6cb"
dependencies = [
 "sootmark-common",
]

[[package]]
name = "sootmark-ual"
version = "0.1.0"
source = "registry+https://github.com/rust-lang/crates.io-index"
checksum = "b71a3bbd0c66c69e2de0ae939200bcb180a050c710ccc7cbbefdbf1f94a028ee"
dependencies = [
 "sootmark-common",
 "sootmark-ese",
]

[[package]]
name = "sootmark-usn"
version = "0.1.0"
source = "registry+https://github.com/rust-lang/crates.io-index"
checksum = "a7719dd8f46cccfcf13d860cc697fe80759d62b6507afb8ef1b35425bb430804"
dependencies = [
 "sootmark-common",
]

[[package]]
name = "sootmark-utmp"
version = "0.4.1"
source = "registry+https://github.com/rust-lang/crates.io-index"
checksum = "f926c44cf83e669130674c846119b559cfc0848526d9cb028af80d50aae702f3"
dependencies = [
 "sootmark-common",
 "sootmark-sqlite",
]

[[package]]
name = "sootmark-weblogs"
version = "0.3.0"
source = "registry+https://github.com/rust-lang/crates.io-index"
checksum = "df4c9fc67afcb438e2ac78b4e4e89d4d552c5b85f288b2b01841e4d23d2e6ba9"
dependencies = [
 "sootmark-common",
]

[[package]]
name = "sootmark-winlogs"
version = "0.3.0"
source = "registry+https://github.com/rust-lang/crates.io-index"
checksum = "f881428bdc2bf53833e7d8db2a6e868d97109f33413a019c8f1684222a12c7e2"
dependencies = [
 "sootmark-common",
]

[[package]]
name = "sootmark-wintimeline"
version = "0.1.0"
source = "registry+https://github.com/rust-lang/crates.io-index"
checksum = "fd2786f4a0f2c974e0fb70126189c0395a42a427be803e5d770c1bd0952ae384"
dependencies = [
 "sootmark-common",
 "sootmark-sqlite",
]

[[package]]
name = "sootmark-wmi"
version = "0.1.1"
source = "registry+https://github.com/rust-lang/crates.io-index"
checksum = "e8e1d286440d2813a6ad23945f68696936807ed8adecfad7940a0300f0c07510"
dependencies = [
 "sootmark-common",
]

[[package]]
name = "sootmark-zip"
version = "0.4.0"
source = "registry+https://github.com/rust-lang/crates.io-index"
checksum = "7830e9a920fd2fdf17eeb095599b8dec0861a82a7f99210c78fdd896e3afe547"
dependencies = [
 "aes",
 "ctr",
 "hmac",
 "pbkdf2",
 "sha1",
 "sootmark-common",
]

[[package]]
name = "subtle"
version = "2.6.1"
source = "registry+https://github.com/rust-lang/crates.io-index"
checksum = "13c2bddecc57b384dee18652358fb23172facb8a2c51ccc10d74c157bdea3292"

[[package]]
name = "typenum"
version = "1.20.1"
source = "registry+https://github.com/rust-lang/crates.io-index"
checksum = "b6f5e870be6c3b371b77fe0ee0bafb859fa4964b4404c27de1d380043c4dda20"

[[package]]
name = "version_check"
version = "0.9.5"
source = "registry+https://github.com/rust-lang/crates.io-index"
checksum = "0b928f33d975fc6ad9f86c8f283853ad26bdd5b10b7f1542aa2fa15e2289105a"
