# This file is automatically @generated by Cargo.
# It is not intended for manual editing.
version = 3

[[package]]
name = "sootmark-adapters"
version = "0.2.45"
dependencies = [
 "sootmark-audit",
 "sootmark-avlogs",
 "sootmark-browser",
 "sootmark-bsm",
 "sootmark-cloudlogs",
 "sootmark-common",
 "sootmark-conformance",
 "sootmark-containers",
 "sootmark-defender",
 "sootmark-disk",
 "sootmark-ese",
 "sootmark-eventtranscript",
 "sootmark-evtx",
 "sootmark-history",
 "sootmark-journal",
 "sootmark-macos",
 "sootmark-model",
 "sootmark-packages",
 "sootmark-persistence",
 "sootmark-prefetch",
 "sootmark-recyclebin",
 "sootmark-registry",
 "sootmark-search",
 "sootmark-shell",
 "sootmark-srum",
 "sootmark-syslog",
 "sootmark-tasks",
 "sootmark-ual",
 "sootmark-usn",
 "sootmark-utmp",
 "sootmark-weblogs",
 "sootmark-winlogs",
 "sootmark-wintimeline",
 "sootmark-wmi",
]

[[package]]
name = "sootmark-audit"
version = "0.1.0"
source = "registry+https://github.com/rust-lang/crates.io-index"
checksum = "eee9bbfb37a81d78aafa8737faf20473e5e7404c16061ac182d72725e573a29a"
dependencies = [
 "sootmark-common",
]

[[package]]
name = "sootmark-avlogs"
version = "0.1.1"
source = "registry+https://github.com/rust-lang/crates.io-index"
checksum = "29d598b1a18daad1560a81425956831fa6a232eb0a85a6364428237b2067edf8"
dependencies = [
 "sootmark-common",
]

[[package]]
name = "sootmark-browser"
version = "0.6.0"
source = "registry+https://github.com/rust-lang/crates.io-index"
checksum = "1e8a1b0b90dcdba28f713e17fda1485c2405b194dbb059890168ee69ebb4d266"
dependencies = [
 "sootmark-common",
 "sootmark-ese",
 "sootmark-plist",
 "sootmark-sqlite 0.2.0",
]

[[package]]
name = "sootmark-bsm"
version = "0.1.0"
source = "registry+https://github.com/rust-lang/crates.io-index"
checksum = "ac119f667babb8648a88dd70d420fe176f5a694325aca93a5f378f515fe554a5"
dependencies = [
 "sootmark-common",
]

[[package]]
name = "sootmark-cloudlogs"
version = "0.1.0"
source = "registry+https://github.com/rust-lang/crates.io-index"
checksum = "4a692c49a61ad5994751e8eba0ce9be8e61a0864a828aebd6842ce1608e2bbe9"
dependencies = [
 "sootmark-common",
]

[[package]]
name = "sootmark-common"
version = "0.3.7"
source = "registry+https://github.com/rust-lang/crates.io-index"
checksum = "16039a30e3d12a335537236722ba00a8da0b5dfdfcf20785b75dea78f523160e"

[[package]]
name = "sootmark-conformance"
version = "0.2.0"
source = "registry+https://github.com/rust-lang/crates.io-index"
checksum = "cc88bbc58b6cd7367e524c2aeec9fd03bfef53da6fd946c13f1e44ecea275489"
dependencies = [
 "sootmark-model",
]

[[package]]
name = "sootmark-containers"
version = "0.1.1"
source = "registry+https://github.com/rust-lang/crates.io-index"
checksum = "566d4d816c4edb0f22fb9d011cb027613ae29204f0155b41d1900287e60273cc"
dependencies = [
 "sootmark-common",
]

[[package]]
name = "sootmark-defender"
version = "0.2.0"
source = "registry+https://github.com/rust-lang/crates.io-index"
checksum = "c2844cfab2ef2dcd59d814c9fa9363ff557a159eb8a8a46b26aa511b23919b97"
dependencies = [
 "sootmark-common",
]

[[package]]
name = "sootmark-disk"
version = "0.3.3"
source = "registry+https://github.com/rust-lang/crates.io-index"
checksum = "3470d5966562c7725d57625cf87be052dfbe1fe0c50e1304ec259227cf3099cf"
dependencies = [
 "sootmark-common",
]

[[package]]
name = "sootmark-ese"
version = "0.1.1"
source = "registry+https://github.com/rust-lang/crates.io-index"
checksum = "a4d9c42c816e3f6f07c5c4794cc1bd4661977e9b2443a894b3ae3adbbbe45bdf"

[[package]]
name = "sootmark-eventtranscript"
version = "0.1.1"
source = "registry+https://github.com/rust-lang/crates.io-index"
checksum = "39b8223c670b29d40db34de56f677cd659d8ab3df8215322a1fac23ff491a70c"
dependencies = [
 "sootmark-common",
 "sootmark-sqlite 0.2.0",
]

[[package]]
name = "sootmark-evtx"
version = "0.2.1"
source = "registry+https://github.com/rust-lang/crates.io-index"
checksum = "6a2f25e75bdbe98bb81378b377c0cfaa61c9cd06b75af8b89ee5987fabe8a835"
dependencies = [
 "sootmark-common",
]

[[package]]
name = "sootmark-history"
version = "0.3.0"
source = "registry+https://github.com/rust-lang/crates.io-index"
checksum = "3f03adec44bc708ee71fccf31aeeb15caf15fa1285065dae6131b2c326338e1a"
dependencies = [
 "sootmark-common",
]

[[package]]
name = "sootmark-journal"
version = "0.1.0"
source = "registry+https://github.com/rust-lang/crates.io-index"
checksum = "63fdcc87fe543caccd99921f9ec635a6907f9d4f7d7b4f84e9c9c6493709d7ed"
dependencies = [
 "sootmark-common",
]

[[package]]
name = "sootmark-macos"
version = "0.6.0"
source = "registry+https://github.com/rust-lang/crates.io-index"
checksum = "b71d4d9637bbe5c61865bb80e2caf1b5dd8a29c123144eab14ff23e515efc16a"
dependencies = [
 "sootmark-common",
 "sootmark-plist",
 "sootmark-sqlite 0.2.0",
]

[[package]]
name = "sootmark-model"
version = "0.2.3"
source = "registry+https://github.com/rust-lang/crates.io-index"
checksum = "270f905afe734e8e8ce667c4f75e57c1dea5f5344ebe8e946150501350a082d0"
dependencies = [
 "sootmark-common",
]

[[package]]
name = "sootmark-packages"
version = "0.2.0"
source = "registry+https://github.com/rust-lang/crates.io-index"
checksum = "982c9ac15b2f9bf372e04658f55cc00afaed79bbb9134ec843a067ea0263829b"
dependencies = [
 "sootmark-common",
 "sootmark-sqlite 0.2.0",
]

[[package]]
name = "sootmark-persistence"
version = "0.4.1"
source = "registry+https://github.com/rust-lang/crates.io-index"
checksum = "f3ae9fe1a2c905cbcf090e48b8c4ad1ebb65e2a9cf3278339e9ec9a4f06565a0"
dependencies = [
 "sootmark-common",
]

[[package]]
name = "sootmark-plist"
version = "0.1.0"
source = "registry+https://github.com/rust-lang/crates.io-index"
checksum = "1c122cba6d58a85646b1755754fe8cce4ebfbe954f1b19b3727ef23fb6d655ea"
dependencies = [
 "sootmark-common",
]

[[package]]
name = "sootmark-prefetch"
version = "0.1.1"
source = "registry+https://github.com/rust-lang/crates.io-index"
checksum = "5133f369953b21ad61c8ae02bcd22e2590904512fc7a390abf66511f2bffb026"

[[package]]
name = "sootmark-recyclebin"
version = "0.1.0"
source = "registry+https://github.com/rust-lang/crates.io-index"
checksum = "f99a883bbf2fee1fa421ff1e3d5d9df2fcf95b7adc12cdae7cf5431d316d025b"
dependencies = [
 "sootmark-common",
]

[[package]]
name = "sootmark-registry"
version = "0.8.0"
source = "registry+https://github.com/rust-lang/crates.io-index"
checksum = "4ef4f2eeda7ed1b538e08dbac0f34a8ab41ef78c49dd2e799ca3ea634035cfb6"
dependencies = [
 "sootmark-common",
 "sootmark-shell",
]

[[package]]
name = "sootmark-search"
version = "0.2.0"
source = "registry+https://github.com/rust-lang/crates.io-index"
checksum = "2db9814b99131bc2f7e27a86fa19eaa4166dfe5d6c761418344e5e6577ae1c97"
dependencies = [
 "sootmark-common",
 "sootmark-ese",
 "sootmark-sqlite 0.2.0",
]

[[package]]
name = "sootmark-shell"
version = "0.2.2"
source = "registry+https://github.com/rust-lang/crates.io-index"
checksum = "727dfc198e8216a4ad5f0fa5bef028f59148999782fc0c5f7c1056b6924759f7"

[[package]]
name = "sootmark-sqlite"
version = "0.1.1"
source = "registry+https://github.com/rust-lang/crates.io-index"
checksum = "f8f021ec02a07a6011618d5e3ff02b19b947b8e0d57fac5f7d6f4637822f5208"

[[package]]
name = "sootmark-sqlite"
version = "0.2.0"
source = "registry+https://github.com/rust-lang/crates.io-index"
checksum = "4734c8224fde044029a00acd3c79637162e9e4d258b3b683108993713d990dcb"

[[package]]
name = "sootmark-srum"
version = "0.1.0"
source = "registry+https://github.com/rust-lang/crates.io-index"
checksum = "06131dd15a53985d7e8bb6e96d48910cf7f6414f7ca1e588c3f09909f99b423b"
dependencies = [
 "sootmark-common",
 "sootmark-ese",
]

[[package]]
name = "sootmark-syslog"
version = "0.2.0"
source = "registry+https://github.com/rust-lang/crates.io-index"
checksum = "f17b82ad023373c65fa17717c3eadfa2b07eb12047d3a37d9ba0f87921c58d2e"
dependencies = [
 "sootmark-common",
]

[[package]]
name = "sootmark-tasks"
version = "0.1.0"
source = "registry+https://github.com/rust-lang/crates.io-index"
checksum = "702eb04de91a38c5c194ea206014474ec20ec8c46cb94adfe1c0a052178bf6cb"
dependencies = [
 "sootmark-common",
]

[[package]]
name = "sootmark-ual"
version = "0.1.0"
source = "registry+https://github.com/rust-lang/crates.io-index"
checksum = "b71a3bbd0c66c69e2de0ae939200bcb180a050c710ccc7cbbefdbf1f94a028ee"
dependencies = [
 "sootmark-common",
 "sootmark-ese",
]

[[package]]
name = "sootmark-usn"
version = "0.1.0"
source = "registry+https://github.com/rust-lang/crates.io-index"
checksum = "a7719dd8f46cccfcf13d860cc697fe80759d62b6507afb8ef1b35425bb430804"
dependencies = [
 "sootmark-common",
]

[[package]]
name = "sootmark-utmp"
version = "0.4.0"
source = "registry+https://github.com/rust-lang/crates.io-index"
checksum = "55075560ec590729b6422867a34a8f053ff19c3b164bc9b29e787e007082c50e"
dependencies = [
 "sootmark-common",
 "sootmark-sqlite 0.1.1",
]

[[package]]
name = "sootmark-weblogs"
version = "0.1.0"
source = "registry+https://github.com/rust-lang/crates.io-index"
checksum = "f408b20c041bcbf280a0de42ff104d3d195c4ea42d5b9ecf081af14f0b465392"
dependencies = [
 "sootmark-common",
]

[[package]]
name = "sootmark-winlogs"
version = "0.2.0"
source = "registry+https://github.com/rust-lang/crates.io-index"
checksum = "07aac0f139c21fe07a132884996f6ba5510d4f670a8727ba40b0d66f60ccda8f"
dependencies = [
 "sootmark-common",
]

[[package]]
name = "sootmark-wintimeline"
version = "0.1.0"
source = "registry+https://github.com/rust-lang/crates.io-index"
checksum = "fd2786f4a0f2c974e0fb70126189c0395a42a427be803e5d770c1bd0952ae384"
dependencies = [
 "sootmark-common",
 "sootmark-sqlite 0.2.0",
]

[[package]]
name = "sootmark-wmi"
version = "0.1.1"
source = "registry+https://github.com/rust-lang/crates.io-index"
checksum = "e8e1d286440d2813a6ad23945f68696936807ed8adecfad7940a0300f0c07510"
dependencies = [
 "sootmark-common",
]
